
Microsoft Visual Studio Solution File, Format Version 12.00
# Visual Studio 2013
VisualStudioVersion = 12.0.40629.0
MinimumVisualStudioVersion = 10.0.40219.1
Project("{FAE04EC0-301F-11D3-BF4B-00C04F79EFBC}") = "NSubstituteStudy", "NSubstituteStudy\NSubstituteStudy.csproj", "{D2E0C5C6-833F-4BF6-BC66-610BA0F93F5C}"
EndProject
Project("{FAE04EC0-301F-11D3-BF4B-00C04F79EFBC}") = "NSubstituteStudy.Test", "NSubstituteStudy.Test\NSubstituteStudy.Test.csproj", "{C5D5C483-F3D3-4F0B-AD34-3CE45A45B4C1}"
EndProject
Project("{2150E333-8FDC-42A3-9474-1A3956D46DE8}") = ".nuget", ".nuget", "{75D5309B-3D12-4348-9164-C15A4C1B187E}"
	ProjectSection(SolutionItems) = preProject
		.nuget\packages.config = .nuget\packages.config
	EndProjectSection
EndProject
Global
	GlobalSection(SolutionConfigurationPlatforms) = preSolution
		Debug|Any CPU = Debug|Any CPU
		Release|Any CPU = Release|Any CPU
	EndGlobalSection
	GlobalSection(ProjectConfigurationPlatforms) = postSolution
		{D2E0C5C6-833F-4BF6-BC66-610BA0F93F5C}.Debug|Any CPU.ActiveCfg = Debug|Any CPU
		{D2E0C5C6-833F-4BF6-BC66-610BA0F93F5C}.Debug|Any CPU.Build.0 = Debug|Any CPU
		{D2E0C5C6-833F-4BF6-BC66-610BA0F93F5C}.Release|Any CPU.ActiveCfg = Release|Any CPU
		{D2E0C5C6-833F-4BF6-BC66-610BA0F93F5C}.Release|Any CPU.Build.0 = Release|Any CPU
		{C5D5C483-F3D3-4F0B-AD34-3CE45A45B4C1}.Debug|Any CPU.ActiveCfg = Debug|Any CPU
		{C5D5C483-F3D3-4F0B-AD34-3CE45A45B4C1}.Debug|Any CPU.Build.0 = Debug|Any CPU
		{C5D5C483-F3D3-4F0B-AD34-3CE45A45B4C1}.Release|Any CPU.ActiveCfg = Release|Any CPU
		{C5D5C483-F3D3-4F0B-AD34-3CE45A45B4C1}.Release|Any CPU.Build.0 = Release|Any CPU
	EndGlobalSection
	GlobalSection(SolutionProperties) = preSolution
		HideSolutionNode = FALSE
	EndGlobalSection
EndGlobal
